
Microsoft Visual Studio Solution File, Format Version 12.00
Project("{FAE04EC0-301F-11D3-BF4B-00C04F79EFBC}") = "MonoAccountProvider.Tests", "MonoAccountProvider.Tests\MonoAccountProvider.Tests.csproj", "{DC3D5ED9-6A5D-4087-B6A4-C9064226116E}"
EndProject
Project("{2150E333-8FDC-42A3-9474-1A3956D46DE8}") = "src", "src", "{8114C109-90B4-45D5-B756-A06246EAAF4C}"
EndProject
Project("{FAE04EC0-301F-11D3-BF4B-00C04F79EFBC}") = "MonoAccountProvider.Domain", "MonoAccountProvider.Domain\MonoAccountProvider.Domain.csproj", "{4DA6F43B-B355-4825-B835-A8B9D51A8399}"
EndProject
Project("{FAE04EC0-301F-11D3-BF4B-00C04F79EFBC}") = "MonoAccountProvider.Services", "MonoAccountProvider.Services\MonoAccountProvider.Services.csproj", "{426213D2-22BD-4F0E-869C-C3A0E2DE6725}"
EndProject
Project("{FAE04EC0-301F-11D3-BF4B-00C04F79EFBC}") = "MonoAccountProvider.ConsoleApp", "MonoAccountProvider.ConsoleApp\MonoAccountProvider.ConsoleApp.csproj", "{7A913F28-4F2C-42A2-A2E1-AD49843691CA}"
EndProject
Global
	GlobalSection(SolutionConfigurationPlatforms) = preSolution
		Debug|Any CPU = Debug|Any CPU
		Release|Any CPU = Release|Any CPU
	EndGlobalSection
	GlobalSection(ProjectConfigurationPlatforms) = postSolution
		{DC3D5ED9-6A5D-4087-B6A4-C9064226116E}.Debug|Any CPU.ActiveCfg = Debug|Any CPU
		{DC3D5ED9-6A5D-4087-B6A4-C9064226116E}.Debug|Any CPU.Build.0 = Debug|Any CPU
		{DC3D5ED9-6A5D-4087-B6A4-C9064226116E}.Release|Any CPU.ActiveCfg = Release|Any CPU
		{DC3D5ED9-6A5D-4087-B6A4-C9064226116E}.Release|Any CPU.Build.0 = Release|Any CPU
		{4DA6F43B-B355-4825-B835-A8B9D51A8399}.Debug|Any CPU.ActiveCfg = Debug|Any CPU
		{4DA6F43B-B355-4825-B835-A8B9D51A8399}.Debug|Any CPU.Build.0 = Debug|Any CPU
		{4DA6F43B-B355-4825-B835-A8B9D51A8399}.Release|Any CPU.ActiveCfg = Release|Any CPU
		{4DA6F43B-B355-4825-B835-A8B9D51A8399}.Release|Any CPU.Build.0 = Release|Any CPU
		{426213D2-22BD-4F0E-869C-C3A0E2DE6725}.Debug|Any CPU.ActiveCfg = Debug|Any CPU
		{426213D2-22BD-4F0E-869C-C3A0E2DE6725}.Debug|Any CPU.Build.0 = Debug|Any CPU
		{426213D2-22BD-4F0E-869C-C3A0E2DE6725}.Release|Any CPU.ActiveCfg = Release|Any CPU
		{426213D2-22BD-4F0E-869C-C3A0E2DE6725}.Release|Any CPU.Build.0 = Release|Any CPU
		{7A913F28-4F2C-42A2-A2E1-AD49843691CA}.Debug|Any CPU.ActiveCfg = Debug|Any CPU
		{7A913F28-4F2C-42A2-A2E1-AD49843691CA}.Debug|Any CPU.Build.0 = Debug|Any CPU
		{7A913F28-4F2C-42A2-A2E1-AD49843691CA}.Release|Any CPU.ActiveCfg = Release|Any CPU
		{7A913F28-4F2C-42A2-A2E1-AD49843691CA}.Release|Any CPU.Build.0 = Release|Any CPU
	EndGlobalSection
	GlobalSection(NestedProjects) = preSolution
		{4DA6F43B-B355-4825-B835-A8B9D51A8399} = {8114C109-90B4-45D5-B756-A06246EAAF4C}
		{426213D2-22BD-4F0E-869C-C3A0E2DE6725} = {8114C109-90B4-45D5-B756-A06246EAAF4C}
		{7A913F28-4F2C-42A2-A2E1-AD49843691CA} = {8114C109-90B4-45D5-B756-A06246EAAF4C}
	EndGlobalSection
EndGlobal
